{
  "object": {
    "pins": [
      {
        "package": "PayPalCheckout",
        "repositoryURL": "https://github.com/paypal/paypalcheckout-ios",
        "state": {
          "branch": null,
          "revision": "cb7d1649f31fd2da2f85ccfa8065c02b66e3b562",
          "version": "0.46.0"
        }
      }
    ]
  },
  "version": 1
}
