PODS:
  - AFNetworking (2.3.1):
    - AFNetworking/NSURLConnection (= 2.3.1)
    - AFNetworking/NSURLSession (= 2.3.1)
    - AFNetworking/Reachability (= 2.3.1)
    - AFNetworking/Security (= 2.3.1)
    - AFNetworking/Serialization (= 2.3.1)
    - AFNetworking/UIKit (= 2.3.1)
  - AFNetworking/NSURLConnection (2.3.1):
    - AFNetworking/Reachability
    - AFNetworking/Security
    - AFNetworking/Serialization
  - AFNetworking/NSURLSession (2.3.1):
    - AFNetworking/Reachability
    - AFNetworking/Security
    - AFNetworking/Serialization
  - AFNetworking/Reachability (2.3.1)
  - AFNetworking/Security (2.3.1)
  - AFNetworking/Serialization (2.3.1)
  - AFNetworking/UIKit (2.3.1):
    - AFNetworking/NSURLConnection
    - AFNetworking/NSURLSession
  - Braintree (3.7.1):
    - Braintree/API (= 3.7.1)
    - Braintree/Drop-In (= 3.7.1)
    - Braintree/Payments (= 3.7.1)
    - Braintree/PayPal (= 3.7.1)
    - Braintree/UI (= 3.7.1)
    - Braintree/Venmo (= 3.7.1)
  - Braintree/3D-Secure (3.7.1):
    - Braintree/API
    - Braintree/Payments
    - Braintree/UI
  - Braintree/API (3.7.1)
  - Braintree/Apple-Pay (3.7.1):
    - Braintree/Payments
  - Braintree/Data (3.7.1):
    - Braintree/API
    - Braintree/PayPal
  - Braintree/Drop-In (3.7.1):
    - Braintree/API
    - Braintree/Payments
    - Braintree/PayPal
    - Braintree/UI
    - Braintree/Venmo
  - Braintree/Payments (3.7.1):
    - Braintree/API
    - Braintree/PayPal
    - Braintree/Venmo
  - Braintree/PayPal (3.7.1):
    - Braintree/API
    - Braintree/UI
  - Braintree/UI (3.7.1):
    - Braintree/API
  - Braintree/Venmo (3.7.1):
    - Braintree/API
  - CardIO (4.0.0)
  - Expecta (0.3.1)
  - FLEX (1.1.1)
  - HockeySDK (3.5.6)
  - InAppSettingsKit (2.3.3)
  - KIF (3.2.0):
    - KIF/XCTest (= 3.2.0)
  - KIF/XCTest (3.2.0)
  - KIFViewControllerActions (1.0.0):
    - KIF (>= 2.0.0)
  - NSURL+QueryDictionary (1.0.3)
  - OCHamcrest (3.0.1)
  - OCMock (2.2.4)
  - OHHTTPStubs (3.1.5):
    - OHHTTPStubs/Core (= 3.1.5)
  - OHHTTPStubs/Core (3.1.5)
  - PureLayout (1.0.1)
  - Specta (0.3.0.beta1)
  - UIActionSheet+Blocks (0.8.1)
  - UIAlertView+Blocks (0.8.1)

DEPENDENCIES:
  - AFNetworking (~> 2.2)
  - Braintree (from `.`)
  - Braintree/3D-Secure (from `.`)
  - Braintree/Apple-Pay (from `.`)
  - Braintree/Data (from `.`)
  - CardIO
  - Expecta (~> 0.3.0)
  - FLEX
  - HockeySDK
  - InAppSettingsKit
  - KIF (~> 3.2)
  - KIFViewControllerActions (from `https://github.com/mickeyreiss/KIFViewControllerActions.git`)
  - NSURL+QueryDictionary (~> 1.0)
  - OCHamcrest (~> 3.0.1)
  - OCMock (~> 2.2.3)
  - OHHTTPStubs (~> 3.1.0)
  - PureLayout
  - Specta (from `https://github.com/specta/specta.git`, commit `v0.3.0.beta1`)
  - UIActionSheet+Blocks
  - UIAlertView+Blocks

EXTERNAL SOURCES:
  Braintree:
    :path: "."
  KIFViewControllerActions:
    :git: https://github.com/mickeyreiss/KIFViewControllerActions.git
  Specta:
    :commit: v0.3.0.beta1
    :git: https://github.com/specta/specta.git

CHECKOUT OPTIONS:
  KIFViewControllerActions:
    :commit: 10d8d3a7bac839d75b8cec894326eae957372245
    :git: https://github.com/mickeyreiss/KIFViewControllerActions.git
  Specta:
    :commit: v0.3.0.beta1
    :git: https://github.com/specta/specta.git

SPEC CHECKSUMS:
  AFNetworking: 05b9f6e3aa5ac45bc383b4bb108ef338080a26c7
  Braintree: 3919426c18f95396e1d35102a7b74b07c90aba49
  CardIO: 4c441cc8e63547fb282d64c2b77d4b40e04b030a
  Expecta: a354d4633409dd9fe8c4f5ff5130426adbe31628
  FLEX: a58e34e78f83547b9aceedd53a8e8f85286682ec
  HockeySDK: c2978a9bbde8519e8976779e8c0a474a22b9cfc5
  InAppSettingsKit: 4c7de2320f6f252b0348ae9d3ea86048071094d6
  KIF: 958b7b47bf36c72711cb5c9260542a522a5892b1
  KIFViewControllerActions: 73085acd975ebbfc954f7895ca1aaa9faa36b3c6
  NSURL+QueryDictionary: 06f93589c2948128321ea562592ed6bf1c84d070
  OCHamcrest: e19857683e4eefab64b878668eac04c2f4567118
  OCMock: a6a7dc0e3997fb9f35d99f72528698ebf60d64f2
  OHHTTPStubs: 5cb8c4e590851d42cfb02fb6269d5404cfa2e9c3
  PureLayout: 27e15b149da0e66de4a8b7d6561ba2828806256a
  Specta: d2158a483ad179e5f8d3a29f75ff4fc0ff6fab16
  UIActionSheet+Blocks: 7fdab45fc8f15ac2dc1cd65af1470746600b5f46
  UIAlertView+Blocks: 45c3d3b7194906702d3e9a14c7ece5581505646d

COCOAPODS: 0.36.3
