{
  "originHash" : "024ac5e55a2a469e348385c76e7e63f1e8eaca9804eefeb066d877c063895163",
  "pins" : [
    {
      "identity" : "paypalcheckout-ios",
      "kind" : "remoteSourceControl",
      "location" : "https://github.com/paypal/paypalcheckout-ios/",
      "state" : {
        "revision" : "f477176da4c6780c8586b493c604f0ab74d9be49",
        "version" : "1.2.0"
      }
    }
  ],
  "version" : 3
}
