{
  "object": {
    "pins": [
      {
        "package": "Braintree",
        "repositoryURL": "/Users/sestevens/bt/braintree-ios",
        "state": {
          "branch": null,
          "revision": "e4baaed738502251397ab90b27b01dc5e5cee86b",
          "version": null
        }
      }
    ]
  },
  "version": 1
}
