{
  "object": {
    "pins": [
      {
        "package": "Braintree",
        "repositoryURL": "https://github.com/braintree/braintree_ios.git",
        "state": {
          "branch": "3ds-spm-support",
          "revision": "2756d7b7124af13a863df672434c586be6055c25",
          "version": null
        }
      }
    ]
  },
  "version": 1
}
