{
  "originHash" : "024ac5e55a2a469e348385c76e7e63f1e8eaca9804eefeb066d877c063895163",
  "pins" : [
    {
      "identity" : "paypalcheckout-ios",
      "kind" : "remoteSourceControl",
      "location" : "https://github.com/paypal/paypalcheckout-ios/",
      "state" : {
        "revision" : "da1b998dcab91011b05df139a6819cc58dd45ccd",
        "version" : "1.3.0"
      }
    }
  ],
  "version" : 3
}
