{
  "pins" : [
    {
      "identity" : "paypalcheckout-ios",
      "kind" : "remoteSourceControl",
      "location" : "https://github.com/paypal/paypalcheckout-ios",
      "state" : {
        "revision" : "d88ffb7d7192580d669a836f4ccef3f04bcef7f0",
        "version" : "0.94.0"
      }
    }
  ],
  "version" : 2
}
