{
  "pins" : [
    {
      "identity" : "paypalcheckout-ios",
      "kind" : "remoteSourceControl",
      "location" : "https://github.com/paypal/paypalcheckout-ios/",
      "state" : {
        "revision" : "229f0b8b88970b04d13becd4a8c64e95f5969cab",
        "version" : "0.110.0"
      }
    }
  ],
  "version" : 2
}
