<?xml version="1.0" encoding="UTF-8"?>
<Scheme
   LastUpgradeVersion = "0700"
   version = "1.3">
   <BuildAction
      parallelizeBuildables = "YES"
      buildImplicitDependencies = "YES">
      <BuildActionEntries>
         <BuildActionEntry
            buildForTesting = "YES"
            buildForRunning = "YES"
            buildForProfiling = "YES"
            buildForArchiving = "YES"
            buildForAnalyzing = "YES">
            <BuildableReference
               BuildableIdentifier = "primary"
               BlueprintIdentifier = "2D941D871B5D9E8C0016EFB4"
               BuildableName = "Braintree3DSecure.framework"
               BlueprintName = "Braintree3DSecure"
               ReferencedContainer = "container:Braintree.xcodeproj">
            </BuildableReference>
         </BuildActionEntry>
      </BuildActionEntries>
   </BuildAction>
   <TestAction
      buildConfiguration = "Debug"
      selectedDebuggerIdentifier = "Xcode.DebuggerFoundation.Debugger.LLDB"
      selectedLauncherIdentifier = "Xcode.DebuggerFoundation.Launcher.LLDB"
      shouldUseLaunchSchemeArgsEnv = "YES">
      <Testables>
      </Testables>
<<<<<<< HEAD:Braintree.xcodeproj/xcshareddata/xcschemes/Braintree3DSecure.xcscheme
=======
      <MacroExpansion>
         <BuildableReference
            BuildableIdentifier = "primary"
            BlueprintIdentifier = "2D30F1301A7C49E2004BA8C3"
            BuildableName = "Braintree-Apple-Pay-Build-Specs.xctest"
            BlueprintName = "Braintree-Apple-Pay-Build-Specs"
            ReferencedContainer = "container:Braintree.xcodeproj">
         </BuildableReference>
      </MacroExpansion>
>>>>>>> beta/paypal-browser-switch:Braintree.xcodeproj/xcshareddata/xcschemes/Braintree-Apple-Pay-Build-Specs.xcscheme
      <AdditionalOptions>
      </AdditionalOptions>
   </TestAction>
   <LaunchAction
      buildConfiguration = "Debug"
      selectedDebuggerIdentifier = "Xcode.DebuggerFoundation.Debugger.LLDB"
      selectedLauncherIdentifier = "Xcode.DebuggerFoundation.Launcher.LLDB"
      launchStyle = "0"
      useCustomWorkingDirectory = "NO"
      ignoresPersistentStateOnLaunch = "NO"
      debugDocumentVersioning = "YES"
      debugServiceExtension = "internal"
      allowLocationSimulation = "YES">
      <MacroExpansion>
         <BuildableReference
            BuildableIdentifier = "primary"
            BlueprintIdentifier = "2D941D871B5D9E8C0016EFB4"
            BuildableName = "Braintree3DSecure.framework"
            BlueprintName = "Braintree3DSecure"
            ReferencedContainer = "container:Braintree.xcodeproj">
         </BuildableReference>
      </MacroExpansion>
      <AdditionalOptions>
      </AdditionalOptions>
   </LaunchAction>
   <ProfileAction
      buildConfiguration = "Release"
      shouldUseLaunchSchemeArgsEnv = "YES"
      savedToolIdentifier = ""
      useCustomWorkingDirectory = "NO"
      debugDocumentVersioning = "YES">
<<<<<<< HEAD:Braintree.xcodeproj/xcshareddata/xcschemes/Braintree3DSecure.xcscheme
      <MacroExpansion>
         <BuildableReference
            BuildableIdentifier = "primary"
            BlueprintIdentifier = "2D941D871B5D9E8C0016EFB4"
            BuildableName = "Braintree3DSecure.framework"
            BlueprintName = "Braintree3DSecure"
            ReferencedContainer = "container:Braintree.xcodeproj">
         </BuildableReference>
      </MacroExpansion>
=======
>>>>>>> beta/paypal-browser-switch:Braintree.xcodeproj/xcshareddata/xcschemes/Braintree-Apple-Pay-Build-Specs.xcscheme
   </ProfileAction>
   <AnalyzeAction
      buildConfiguration = "Debug">
   </AnalyzeAction>
   <ArchiveAction
      buildConfiguration = "Release"
      revealArchiveInOrganizer = "YES">
   </ArchiveAction>
</Scheme>
