<?xml version="1.0" encoding="UTF-8"?>
<Scheme
   LastUpgradeVersion = "1130"
   version = "1.3">
   <BuildAction
      parallelizeBuildables = "YES"
      buildImplicitDependencies = "NO">
      <BuildActionEntries>
         <BuildActionEntry
            buildForTesting = "YES"
            buildForRunning = "YES"
            buildForProfiling = "YES"
            buildForArchiving = "YES"
            buildForAnalyzing = "YES">
            <BuildableReference
               BuildableIdentifier = "primary"
               BlueprintIdentifier = "380694B9ADC0CBB5D29A662EFE7F52C8"
               BuildableName = "libPods-Demo.a"
               BlueprintName = "Pods-Demo"
               ReferencedContainer = "container:Pods/Pods.xcodeproj">
            </BuildableReference>
         </BuildActionEntry>
         <BuildActionEntry
            buildForTesting = "YES"
            buildForRunning = "YES"
            buildForProfiling = "YES"
            buildForArchiving = "YES"
            buildForAnalyzing = "YES">
            <BuildableReference
               BuildableIdentifier = "primary"
               BlueprintIdentifier = "A76B198A1B79707700452CFA"
               BuildableName = "Demo.app"
               BlueprintName = "Demo"
               ReferencedContainer = "container:Braintree.xcodeproj">
            </BuildableReference>
         </BuildActionEntry>
         <BuildActionEntry
            buildForTesting = "YES"
            buildForRunning = "YES"
            buildForProfiling = "YES"
            buildForArchiving = "YES"
            buildForAnalyzing = "YES">
            <BuildableReference
               BuildableIdentifier = "primary"
               BlueprintIdentifier = "E5E13644EAA16F7842CE84206961C7D8"
               BuildableName = "libPods-Tests-UnitTests.a"
               BlueprintName = "Pods-Tests-UnitTests"
               ReferencedContainer = "container:Pods/Pods.xcodeproj">
            </BuildableReference>
         </BuildActionEntry>
      </BuildActionEntries>
   </BuildAction>
   <TestAction
      buildConfiguration = "Debug"
      selectedDebuggerIdentifier = "Xcode.DebuggerFoundation.Debugger.LLDB"
      selectedLauncherIdentifier = "Xcode.DebuggerFoundation.Launcher.LLDB"
      shouldUseLaunchSchemeArgsEnv = "YES"
      codeCoverageEnabled = "YES"
      onlyGenerateCoverageForSpecifiedTargets = "YES">
      <MacroExpansion>
         <BuildableReference
            BuildableIdentifier = "primary"
            BlueprintIdentifier = "A76B198A1B79707700452CFA"
            BuildableName = "Demo.app"
            BlueprintName = "Demo"
            ReferencedContainer = "container:Braintree.xcodeproj">
         </BuildableReference>
      </MacroExpansion>
      <CodeCoverageTargets>
         <BuildableReference
            BuildableIdentifier = "primary"
            BlueprintIdentifier = "417404481BB084D3008A5DEA"
            BuildableName = "libBraintree.a"
            BlueprintName = "Braintree"
            ReferencedContainer = "container:Braintree.xcodeproj">
         </BuildableReference>
         <BuildableReference
            BuildableIdentifier = "primary"
            BlueprintIdentifier = "2D941D871B5D9E8C0016EFB4"
            BuildableName = "Braintree3DSecure.framework"
            BlueprintName = "Braintree3DSecure"
            ReferencedContainer = "container:Braintree.xcodeproj">
         </BuildableReference>
         <BuildableReference
            BuildableIdentifier = "primary"
            BlueprintIdentifier = "0357C47B1F96869600E63851"
            BuildableName = "BraintreeAmericanExpress.framework"
            BlueprintName = "BraintreeAmericanExpress"
            ReferencedContainer = "container:Braintree.xcodeproj">
         </BuildableReference>
         <BuildableReference
            BuildableIdentifier = "primary"
            BlueprintIdentifier = "A7C889731B5EF5DE007A0E9C"
            BuildableName = "BraintreeApplePay.framework"
            BlueprintName = "BraintreeApplePay"
            ReferencedContainer = "container:Braintree.xcodeproj">
         </BuildableReference>
         <BuildableReference
            BuildableIdentifier = "primary"
            BlueprintIdentifier = "A7C8898F1B5F043B007A0E9C"
            BuildableName = "BraintreeCard.framework"
            BlueprintName = "BraintreeCard"
            ReferencedContainer = "container:Braintree.xcodeproj">
         </BuildableReference>
         <BuildableReference
            BuildableIdentifier = "primary"
            BlueprintIdentifier = "2DE12F081B59BE0100EA1BCF"
            BuildableName = "BraintreeCore.framework"
            BlueprintName = "BraintreeCore"
            ReferencedContainer = "container:Braintree.xcodeproj">
         </BuildableReference>
         <BuildableReference
            BuildableIdentifier = "primary"
            BlueprintIdentifier = "A76D7BFF1BB1CAB00000FA6A"
            BuildableName = "BraintreeDataCollector.framework"
            BlueprintName = "BraintreeDataCollector"
            ReferencedContainer = "container:Braintree.xcodeproj">
         </BuildableReference>
         <BuildableReference
            BuildableIdentifier = "primary"
            BlueprintIdentifier = "2D941D371B59C76A0016EFB4"
            BuildableName = "BraintreePayPal.framework"
            BlueprintName = "BraintreePayPal"
            ReferencedContainer = "container:Braintree.xcodeproj">
         </BuildableReference>
         <BuildableReference
            BuildableIdentifier = "primary"
            BlueprintIdentifier = "03502C831E9C0A1700F15EE6"
            BuildableName = "BraintreePaymentFlow.framework"
            BlueprintName = "BraintreePaymentFlow"
            ReferencedContainer = "container:Braintree.xcodeproj">
         </BuildableReference>
         <BuildableReference
            BuildableIdentifier = "primary"
            BlueprintIdentifier = "A77344F61B7A93A10083EC8D"
            BuildableName = "BraintreeUI.framework"
            BlueprintName = "BraintreeUI"
            ReferencedContainer = "container:Braintree.xcodeproj">
         </BuildableReference>
         <BuildableReference
            BuildableIdentifier = "primary"
            BlueprintIdentifier = "4164B9951C9B658E006AE861"
            BuildableName = "BraintreeUnionPay.framework"
            BlueprintName = "BraintreeUnionPay"
            ReferencedContainer = "container:Braintree.xcodeproj">
         </BuildableReference>
         <BuildableReference
            BuildableIdentifier = "primary"
            BlueprintIdentifier = "A77AA29B1B618C7700217B73"
            BuildableName = "BraintreeVenmo.framework"
            BlueprintName = "BraintreeVenmo"
            ReferencedContainer = "container:Braintree.xcodeproj">
         </BuildableReference>
         <BuildableReference
            BuildableIdentifier = "primary"
            BlueprintIdentifier = "A7B462E01C3D9C2200048423"
            BuildableName = "PayPalDataCollector.framework"
            BlueprintName = "PayPalDataCollector"
            ReferencedContainer = "container:Braintree.xcodeproj">
         </BuildableReference>
         <BuildableReference
            BuildableIdentifier = "primary"
            BlueprintIdentifier = "A50C3B041C19F55C00612D90"
            BuildableName = "libPayPalDataCollector-StaticLibrary.a"
            BlueprintName = "PayPalDataCollector-StaticLibrary"
            ReferencedContainer = "container:Braintree.xcodeproj">
         </BuildableReference>
         <BuildableReference
            BuildableIdentifier = "primary"
            BlueprintIdentifier = "A50C3B6E1C1A29C500612D90"
            BuildableName = "PayPalOneTouch.framework"
            BlueprintName = "PayPalOneTouch"
            ReferencedContainer = "container:Braintree.xcodeproj">
         </BuildableReference>
         <BuildableReference
            BuildableIdentifier = "primary"
            BlueprintIdentifier = "A50C3AD41C19F00600612D90"
            BuildableName = "libPayPalOneTouch-StaticLibrary.a"
            BlueprintName = "PayPalOneTouch-StaticLibrary"
            ReferencedContainer = "container:Braintree.xcodeproj">
         </BuildableReference>
         <BuildableReference
            BuildableIdentifier = "primary"
            BlueprintIdentifier = "7EDE474C1CD2C3D00005E22B"
            BuildableName = "PayPalUtils.framework"
            BlueprintName = "PayPalUtils"
            ReferencedContainer = "container:Braintree.xcodeproj">
         </BuildableReference>
      </CodeCoverageTargets>
      <Testables>
         <TestableReference
            skipped = "NO">
            <BuildableReference
               BuildableIdentifier = "primary"
               BlueprintIdentifier = "16CD2E9B1B4077FB00E68495"
               BuildableName = "UnitTests.xctest"
               BlueprintName = "UnitTests"
               ReferencedContainer = "container:Braintree.xcodeproj">
            </BuildableReference>
         </TestableReference>
         <TestableReference
            skipped = "NO">
            <BuildableReference
               BuildableIdentifier = "primary"
               BlueprintIdentifier = "03F8B2651C23976000FD184B"
               BuildableName = "UITests.xctest"
               BlueprintName = "UITests"
               ReferencedContainer = "container:Braintree.xcodeproj">
            </BuildableReference>
         </TestableReference>
      </Testables>
   </TestAction>
   <LaunchAction
      buildConfiguration = "Debug"
      selectedDebuggerIdentifier = "Xcode.DebuggerFoundation.Debugger.LLDB"
      selectedLauncherIdentifier = "Xcode.DebuggerFoundation.Launcher.LLDB"
      launchStyle = "0"
      useCustomWorkingDirectory = "NO"
      ignoresPersistentStateOnLaunch = "NO"
      debugDocumentVersioning = "YES"
      debugServiceExtension = "internal"
      allowLocationSimulation = "YES">
      <BuildableProductRunnable
         runnableDebuggingMode = "0">
         <BuildableReference
            BuildableIdentifier = "primary"
            BlueprintIdentifier = "A76B198A1B79707700452CFA"
            BuildableName = "Demo.app"
            BlueprintName = "Demo"
            ReferencedContainer = "container:Braintree.xcodeproj">
         </BuildableReference>
      </BuildableProductRunnable>
   </LaunchAction>
   <ProfileAction
      buildConfiguration = "Release"
      shouldUseLaunchSchemeArgsEnv = "YES"
      savedToolIdentifier = ""
      useCustomWorkingDirectory = "NO"
      debugDocumentVersioning = "YES">
      <BuildableProductRunnable
         runnableDebuggingMode = "0">
         <BuildableReference
            BuildableIdentifier = "primary"
            BlueprintIdentifier = "A76B198A1B79707700452CFA"
            BuildableName = "Demo.app"
            BlueprintName = "Demo"
            ReferencedContainer = "container:Braintree.xcodeproj">
         </BuildableReference>
      </BuildableProductRunnable>
   </ProfileAction>
   <AnalyzeAction
      buildConfiguration = "Debug">
   </AnalyzeAction>
   <ArchiveAction
      buildConfiguration = "Release"
      revealArchiveInOrganizer = "YES">
   </ArchiveAction>
</Scheme>
